// !$*UTF8*$!
{
	archiveVersion = 1;
	classes = {
	};
	objectVersion = 56;
	objects = {

/* Begin PBXBuildFile section */
		222E8EB72BC5C88E00CAE565 /* AppDelegate.swift in Sources */ = {isa = PBXBuildFile; fileRef = 222E8EB62BC5C88E00CAE565 /* AppDelegate.swift */; };
		222E8EB92BC5C88E00CAE565 /* SceneDelegate.swift in Sources */ = {isa = PBXBuildFile; fileRef = 222E8EB82BC5C88E00CAE565 /* SceneDelegate.swift */; };
		222E8EBB2BC5C88E00CAE565 /* ProductListingViewController.swift in Sources */ = {isa = PBXBuildFile; fileRef = 222E8EBA2BC5C88E00CAE565 /* ProductListingViewController.swift */; };
		222E8EC02BC5C89300CAE565 /* Assets.xcassets in Resources */ = {isa = PBXBuildFile; fileRef = 222E8EBF2BC5C89300CAE565 /* Assets.xcassets */; };
		222E8EC32BC5C89300CAE565 /* LaunchScreen.storyboard in Resources */ = {isa = PBXBuildFile; fileRef = 222E8EC12BC5C89300CAE565 /* LaunchScreen.storyboard */; };
		222E8ECE2BC5C89400CAE565 /* GetirShoppingAppTests.swift in Sources */ = {isa = PBXBuildFile; fileRef = 222E8ECD2BC5C89400CAE565 /* GetirShoppingAppTests.swift */; };
		222E8ED82BC5C89400CAE565 /* GetirShoppingAppUITests.swift in Sources */ = {isa = PBXBuildFile; fileRef = 222E8ED72BC5C89400CAE565 /* GetirShoppingAppUITests.swift */; };
		222E8EDA2BC5C89400CAE565 /* GetirShoppingAppUITestsLaunchTests.swift in Sources */ = {isa = PBXBuildFile; fileRef = 222E8ED92BC5C89400CAE565 /* GetirShoppingAppUITestsLaunchTests.swift */; };
		222E8EED2BC5EC8900CAE565 /* ProductListCell.swift in Sources */ = {isa = PBXBuildFile; fileRef = 222E8EEC2BC5EC8900CAE565 /* ProductListCell.swift */; };
		222E8EF02BC6BAED00CAE565 /* SnapKit in Frameworks */ = {isa = PBXBuildFile; productRef = 222E8EEF2BC6BAED00CAE565 /* SnapKit */; };
		222E8EF52BC8154900CAE565 /* ProductImageView.swift in Sources */ = {isa = PBXBuildFile; fileRef = 222E8EF42BC8154900CAE565 /* ProductImageView.swift */; };
		222E8EF82BC816F000CAE565 /* ProductDetailViewController.swift in Sources */ = {isa = PBXBuildFile; fileRef = 222E8EF72BC816F000CAE565 /* ProductDetailViewController.swift */; };
		222E8EFB2BC97B1F00CAE565 /* NetworkManager.swift in Sources */ = {isa = PBXBuildFile; fileRef = 222E8EFA2BC97B1F00CAE565 /* NetworkManager.swift */; };
		222E8EFE2BC9BD7D00CAE565 /* Product.swift in Sources */ = {isa = PBXBuildFile; fileRef = 222E8EFD2BC9BD7D00CAE565 /* Product.swift */; };
		222E8F002BCB19F300CAE565 /* ProductListingInteractor.swift in Sources */ = {isa = PBXBuildFile; fileRef = 222E8EFF2BCB19F300CAE565 /* ProductListingInteractor.swift */; };
		222E8F022BCB1A0F00CAE565 /* ProductListingPresenter.swift in Sources */ = {isa = PBXBuildFile; fileRef = 222E8F012BCB1A0F00CAE565 /* ProductListingPresenter.swift */; };
		222E8F042BCB1A3900CAE565 /* ProductListingRouter.swift in Sources */ = {isa = PBXBuildFile; fileRef = 222E8F032BCB1A3900CAE565 /* ProductListingRouter.swift */; };
		222E8F092BCC262500CAE565 /* CustomStepper.swift in Sources */ = {isa = PBXBuildFile; fileRef = 222E8F082BCC262400CAE565 /* CustomStepper.swift */; };
		222E8F0C2BCD36C600CAE565 /* Kingfisher in Frameworks */ = {isa = PBXBuildFile; productRef = 222E8F0B2BCD36C600CAE565 /* Kingfisher */; };
		222E8F0E2BCD7EFC00CAE565 /* CustomCartButton.swift in Sources */ = {isa = PBXBuildFile; fileRef = 222E8F0D2BCD7EFC00CAE565 /* CustomCartButton.swift */; };
		222E8F102BCDC3A300CAE565 /* ProductDetailPresenter.swift in Sources */ = {isa = PBXBuildFile; fileRef = 222E8F0F2BCDC3A300CAE565 /* ProductDetailPresenter.swift */; };
		222E8F122BCDC3B600CAE565 /* ProductDetailInteractor.swift in Sources */ = {isa = PBXBuildFile; fileRef = 222E8F112BCDC3B600CAE565 /* ProductDetailInteractor.swift */; };
		222E8F142BCDC3CA00CAE565 /* ProductDetailRouter.swift in Sources */ = {isa = PBXBuildFile; fileRef = 222E8F132BCDC3CA00CAE565 /* ProductDetailRouter.swift */; };
		222E8F172BCEBC4D00CAE565 /* ProductBasketViewController.swift in Sources */ = {isa = PBXBuildFile; fileRef = 222E8F162BCEBC4D00CAE565 /* ProductBasketViewController.swift */; };
		222E8F1C2BCEC63700CAE565 /* ProductBasketCell.swift in Sources */ = {isa = PBXBuildFile; fileRef = 222E8F1B2BCEC63700CAE565 /* ProductBasketCell.swift */; };
		222E8F1E2BCF096300CAE565 /* CustomBasketButton.swift in Sources */ = {isa = PBXBuildFile; fileRef = 222E8F1D2BCF096300CAE565 /* CustomBasketButton.swift */; };
		222E8F202BD00B2900CAE565 /* BasketManager.swift in Sources */ = {isa = PBXBuildFile; fileRef = 222E8F1F2BD00B2900CAE565 /* BasketManager.swift */; };
		222E8F222BD1C3F100CAE565 /* ProductBasketInteractor.swift in Sources */ = {isa = PBXBuildFile; fileRef = 222E8F212BD1C3F000CAE565 /* ProductBasketInteractor.swift */; };
		222E8F242BD1C40900CAE565 /* ProductBasketPresenter.swift in Sources */ = {isa = PBXBuildFile; fileRef = 222E8F232BD1C40900CAE565 /* ProductBasketPresenter.swift */; };
		222E8F262BD1C42900CAE565 /* ProductBasketRouter.swift in Sources */ = {isa = PBXBuildFile; fileRef = 222E8F252BD1C42900CAE565 /* ProductBasketRouter.swift */; };
		222E8F2B2BD500AE00CAE565 /* OpenSans-Bold.ttf in Resources */ = {isa = PBXBuildFile; fileRef = 222E8F292BD500AD00CAE565 /* OpenSans-Bold.ttf */; };
		222E8F2C2BD500AE00CAE565 /* OpenSans-SemiBold.ttf in Resources */ = {isa = PBXBuildFile; fileRef = 222E8F2A2BD500AD00CAE565 /* OpenSans-SemiBold.ttf */; };
		224CC8F82BD5C9740048013E /* UIFont+.swift in Sources */ = {isa = PBXBuildFile; fileRef = 224CC8F72BD5C9730048013E /* UIFont+.swift */; };
		224CC8FF2BD66A2D0048013E /* UIImage+.swift in Sources */ = {isa = PBXBuildFile; fileRef = 224CC8FE2BD66A2D0048013E /* UIImage+.swift */; };
		224CC9012BD66CEB0048013E /* Header.swift in Sources */ = {isa = PBXBuildFile; fileRef = 224CC9002BD66CEB0048013E /* Header.swift */; };
/* End PBXBuildFile section */

/* Begin PBXContainerItemProxy section */
		222E8ECA2BC5C89400CAE565 /* PBXContainerItemProxy */ = {
			isa = PBXContainerItemProxy;
			containerPortal = 222E8EAB2BC5C88E00CAE565 /* Project object */;
			proxyType = 1;
			remoteGlobalIDString = 222E8EB22BC5C88E00CAE565;
			remoteInfo = GetirShoppingApp;
		};
		222E8ED42BC5C89400CAE565 /* PBXContainerItemProxy */ = {
			isa = PBXContainerItemProxy;
			containerPortal = 222E8EAB2BC5C88E00CAE565 /* Project object */;
			proxyType = 1;
			remoteGlobalIDString = 222E8EB22BC5C88E00CAE565;
			remoteInfo = GetirShoppingApp;
		};
/* End PBXContainerItemProxy section */

/* Begin PBXFileReference section */
		222E8EB32BC5C88E00CAE565 /* GetirShoppingApp.app */ = {isa = PBXFileReference; explicitFileType = wrapper.application; includeInIndex = 0; path = GetirShoppingApp.app; sourceTree = BUILT_PRODUCTS_DIR; };
		222E8EB62BC5C88E00CAE565 /* AppDelegate.swift */ = {isa = PBXFileReference; lastKnownFileType = sourcecode.swift; path = AppDelegate.swift; sourceTree = "<group>"; };
		222E8EB82BC5C88E00CAE565 /* SceneDelegate.swift */ = {isa = PBXFileReference; lastKnownFileType = sourcecode.swift; path = SceneDelegate.swift; sourceTree = "<group>"; };
		222E8EBA2BC5C88E00CAE565 /* ProductListingViewController.swift */ = {isa = PBXFileReference; lastKnownFileType = sourcecode.swift; path = ProductListingViewController.swift; sourceTree = "<group>"; };
		222E8EBF2BC5C89300CAE565 /* Assets.xcassets */ = {isa = PBXFileReference; lastKnownFileType = folder.assetcatalog; path = Assets.xcassets; sourceTree = "<group>"; };
		222E8EC22BC5C89300CAE565 /* Base */ = {isa = PBXFileReference; lastKnownFileType = file.storyboard; name = Base; path = Base.lproj/LaunchScreen.storyboard; sourceTree = "<group>"; };
		222E8EC42BC5C89300CAE565 /* Info.plist */ = {isa = PBXFileReference; lastKnownFileType = text.plist.xml; path = Info.plist; sourceTree = "<group>"; };
		222E8EC92BC5C89400CAE565 /* GetirShoppingAppTests.xctest */ = {isa = PBXFileReference; explicitFileType = wrapper.cfbundle; includeInIndex = 0; path = GetirShoppingAppTests.xctest; sourceTree = BUILT_PRODUCTS_DIR; };
		222E8ECD2BC5C89400CAE565 /* GetirShoppingAppTests.swift */ = {isa = PBXFileReference; lastKnownFileType = sourcecode.swift; path = GetirShoppingAppTests.swift; sourceTree = "<group>"; };
		222E8ED32BC5C89400CAE565 /* GetirShoppingAppUITests.xctest */ = {isa = PBXFileReference; explicitFileType = wrapper.cfbundle; includeInIndex = 0; path = GetirShoppingAppUITests.xctest; sourceTree = BUILT_PRODUCTS_DIR; };
		222E8ED72BC5C89400CAE565 /* GetirShoppingAppUITests.swift */ = {isa = PBXFileReference; lastKnownFileType = sourcecode.swift; path = GetirShoppingAppUITests.swift; sourceTree = "<group>"; };
		222E8ED92BC5C89400CAE565 /* GetirShoppingAppUITestsLaunchTests.swift */ = {isa = PBXFileReference; lastKnownFileType = sourcecode.swift; path = GetirShoppingAppUITestsLaunchTests.swift; sourceTree = "<group>"; };
		222E8EEC2BC5EC8900CAE565 /* ProductListCell.swift */ = {isa = PBXFileReference; lastKnownFileType = sourcecode.swift; path = ProductListCell.swift; sourceTree = "<group>"; };
		222E8EF42BC8154900CAE565 /* ProductImageView.swift */ = {isa = PBXFileReference; lastKnownFileType = sourcecode.swift; path = ProductImageView.swift; sourceTree = "<group>"; };
		222E8EF72BC816F000CAE565 /* ProductDetailViewController.swift */ = {isa = PBXFileReference; lastKnownFileType = sourcecode.swift; path = ProductDetailViewController.swift; sourceTree = "<group>"; };
		222E8EFA2BC97B1F00CAE565 /* NetworkManager.swift */ = {isa = PBXFileReference; lastKnownFileType = sourcecode.swift; path = NetworkManager.swift; sourceTree = "<group>"; };
		222E8EFD2BC9BD7D00CAE565 /* Product.swift */ = {isa = PBXFileReference; lastKnownFileType = sourcecode.swift; path = Product.swift; sourceTree = "<group>"; };
		222E8EFF2BCB19F300CAE565 /* ProductListingInteractor.swift */ = {isa = PBXFileReference; lastKnownFileType = sourcecode.swift; path = ProductListingInteractor.swift; sourceTree = "<group>"; };
		222E8F012BCB1A0F00CAE565 /* ProductListingPresenter.swift */ = {isa = PBXFileReference; lastKnownFileType = sourcecode.swift; path = ProductListingPresenter.swift; sourceTree = "<group>"; };
		222E8F032BCB1A3900CAE565 /* ProductListingRouter.swift */ = {isa = PBXFileReference; lastKnownFileType = sourcecode.swift; path = ProductListingRouter.swift; sourceTree = "<group>"; };
		222E8F082BCC262400CAE565 /* CustomStepper.swift */ = {isa = PBXFileReference; lastKnownFileType = sourcecode.swift; path = CustomStepper.swift; sourceTree = "<group>"; };
		222E8F0D2BCD7EFC00CAE565 /* CustomCartButton.swift */ = {isa = PBXFileReference; lastKnownFileType = sourcecode.swift; path = CustomCartButton.swift; sourceTree = "<group>"; };
		222E8F0F2BCDC3A300CAE565 /* ProductDetailPresenter.swift */ = {isa = PBXFileReference; lastKnownFileType = sourcecode.swift; path = ProductDetailPresenter.swift; sourceTree = "<group>"; };
		222E8F112BCDC3B600CAE565 /* ProductDetailInteractor.swift */ = {isa = PBXFileReference; lastKnownFileType = sourcecode.swift; path = ProductDetailInteractor.swift; sourceTree = "<group>"; };
		222E8F132BCDC3CA00CAE565 /* ProductDetailRouter.swift */ = {isa = PBXFileReference; lastKnownFileType = sourcecode.swift; path = ProductDetailRouter.swift; sourceTree = "<group>"; };
		222E8F162BCEBC4D00CAE565 /* ProductBasketViewController.swift */ = {isa = PBXFileReference; lastKnownFileType = sourcecode.swift; path = ProductBasketViewController.swift; sourceTree = "<group>"; };
		222E8F1B2BCEC63700CAE565 /* ProductBasketCell.swift */ = {isa = PBXFileReference; lastKnownFileType = sourcecode.swift; path = ProductBasketCell.swift; sourceTree = "<group>"; };
		222E8F1D2BCF096300CAE565 /* CustomBasketButton.swift */ = {isa = PBXFileReference; lastKnownFileType = sourcecode.swift; path = CustomBasketButton.swift; sourceTree = "<group>"; };
		222E8F1F2BD00B2900CAE565 /* BasketManager.swift */ = {isa = PBXFileReference; lastKnownFileType = sourcecode.swift; path = BasketManager.swift; sourceTree = "<group>"; };
		222E8F212BD1C3F000CAE565 /* ProductBasketInteractor.swift */ = {isa = PBXFileReference; lastKnownFileType = sourcecode.swift; path = ProductBasketInteractor.swift; sourceTree = "<group>"; };
		222E8F232BD1C40900CAE565 /* ProductBasketPresenter.swift */ = {isa = PBXFileReference; lastKnownFileType = sourcecode.swift; path = ProductBasketPresenter.swift; sourceTree = "<group>"; };
		222E8F252BD1C42900CAE565 /* ProductBasketRouter.swift */ = {isa = PBXFileReference; lastKnownFileType = sourcecode.swift; path = ProductBasketRouter.swift; sourceTree = "<group>"; };
		222E8F292BD500AD00CAE565 /* OpenSans-Bold.ttf */ = {isa = PBXFileReference; lastKnownFileType = file; path = "OpenSans-Bold.ttf"; sourceTree = "<group>"; };
		222E8F2A2BD500AD00CAE565 /* OpenSans-SemiBold.ttf */ = {isa = PBXFileReference; lastKnownFileType = file; path = "OpenSans-SemiBold.ttf"; sourceTree = "<group>"; };
		224CC8F72BD5C9730048013E /* UIFont+.swift */ = {isa = PBXFileReference; lastKnownFileType = sourcecode.swift; path = "UIFont+.swift"; sourceTree = "<group>"; };
		224CC8FE2BD66A2D0048013E /* UIImage+.swift */ = {isa = PBXFileReference; lastKnownFileType = sourcecode.swift; path = "UIImage+.swift"; sourceTree = "<group>"; };
		224CC9002BD66CEB0048013E /* Header.swift */ = {isa = PBXFileReference; lastKnownFileType = sourcecode.swift; path = Header.swift; sourceTree = "<group>"; };
/* End PBXFileReference section */

/* Begin PBXFrameworksBuildPhase section */
		222E8EB02BC5C88E00CAE565 /* Frameworks */ = {
			isa = PBXFrameworksBuildPhase;
			buildActionMask = 2147483647;
			files = (
				222E8F0C2BCD36C600CAE565 /* Kingfisher in Frameworks */,
				222E8EF02BC6BAED00CAE565 /* SnapKit in Frameworks */,
			);
			runOnlyForDeploymentPostprocessing = 0;
		};
		222E8EC62BC5C89400CAE565 /* Frameworks */ = {
			isa = PBXFrameworksBuildPhase;
			buildActionMask = 2147483647;
			files = (
			);
			runOnlyForDeploymentPostprocessing = 0;
		};
		222E8ED02BC5C89400CAE565 /* Frameworks */ = {
			isa = PBXFrameworksBuildPhase;
			buildActionMask = 2147483647;
			files = (
			);
			runOnlyForDeploymentPostprocessing = 0;
		};
/* End PBXFrameworksBuildPhase section */

/* Begin PBXGroup section */
		222E8EAA2BC5C88E00CAE565 = {
			isa = PBXGroup;
			children = (
				222E8EB52BC5C88E00CAE565 /* GetirShoppingApp */,
				222E8ECC2BC5C89400CAE565 /* GetirShoppingAppTests */,
				222E8ED62BC5C89400CAE565 /* GetirShoppingAppUITests */,
				222E8EB42BC5C88E00CAE565 /* Products */,
				222E8F2F2BD50DC400CAE565 /* Frameworks */,
			);
			sourceTree = "<group>";
		};
		222E8EB42BC5C88E00CAE565 /* Products */ = {
			isa = PBXGroup;
			children = (
				222E8EB32BC5C88E00CAE565 /* GetirShoppingApp.app */,
				222E8EC92BC5C89400CAE565 /* GetirShoppingAppTests.xctest */,
				222E8ED32BC5C89400CAE565 /* GetirShoppingAppUITests.xctest */,
			);
			name = Products;
			sourceTree = "<group>";
		};
		222E8EB52BC5C88E00CAE565 /* GetirShoppingApp */ = {
			isa = PBXGroup;
			children = (
				224CC8F62BD5C95A0048013E /* Extensions */,
				222E8F272BD3DDE200CAE565 /* Core */,
				222E8EFC2BC981A800CAE565 /* Model */,
				222E8EF92BC97A5600CAE565 /* API */,
				222E8EF12BC8151800CAE565 /* Common */,
				222E8EE82BC5E05C00CAE565 /* App */,
				222E8EE72BC5E03D00CAE565 /* Resources */,
				222E8EE62BC5E00A00CAE565 /* Modules */,
				222E8EC12BC5C89300CAE565 /* LaunchScreen.storyboard */,
				222E8EC42BC5C89300CAE565 /* Info.plist */,
			);
			path = GetirShoppingApp;
			sourceTree = "<group>";
		};
		222E8ECC2BC5C89400CAE565 /* GetirShoppingAppTests */ = {
			isa = PBXGroup;
			children = (
				222E8ECD2BC5C89400CAE565 /* GetirShoppingAppTests.swift */,
			);
			path = GetirShoppingAppTests;
			sourceTree = "<group>";
		};
		222E8ED62BC5C89400CAE565 /* GetirShoppingAppUITests */ = {
			isa = PBXGroup;
			children = (
				222E8ED72BC5C89400CAE565 /* GetirShoppingAppUITests.swift */,
				222E8ED92BC5C89400CAE565 /* GetirShoppingAppUITestsLaunchTests.swift */,
			);
			path = GetirShoppingAppUITests;
			sourceTree = "<group>";
		};
		222E8EE62BC5E00A00CAE565 /* Modules */ = {
			isa = PBXGroup;
			children = (
				222E8F152BCEBC0E00CAE565 /* ProductBasket */,
				222E8EF62BC816D600CAE565 /* ProductDetail */,
				222E8EEA2BC5EAEA00CAE565 /* ProductListing */,
			);
			path = Modules;
			sourceTree = "<group>";
		};
		222E8EE72BC5E03D00CAE565 /* Resources */ = {
			isa = PBXGroup;
			children = (
				222E8F282BD5002300CAE565 /* Fonts */,
				222E8EBF2BC5C89300CAE565 /* Assets.xcassets */,
			);
			path = Resources;
			sourceTree = "<group>";
		};
		222E8EE82BC5E05C00CAE565 /* App */ = {
			isa = PBXGroup;
			children = (
				222E8EB62BC5C88E00CAE565 /* AppDelegate.swift */,
				222E8EB82BC5C88E00CAE565 /* SceneDelegate.swift */,
			);
			path = App;
			sourceTree = "<group>";
		};
		222E8EEA2BC5EAEA00CAE565 /* ProductListing */ = {
			isa = PBXGroup;
			children = (
				222E8EEB2BC5EC0B00CAE565 /* Cell */,
				222E8EBA2BC5C88E00CAE565 /* ProductListingViewController.swift */,
				222E8F012BCB1A0F00CAE565 /* ProductListingPresenter.swift */,
				222E8EFF2BCB19F300CAE565 /* ProductListingInteractor.swift */,
				222E8F032BCB1A3900CAE565 /* ProductListingRouter.swift */,
			);
			path = ProductListing;
			sourceTree = "<group>";
		};
		222E8EEB2BC5EC0B00CAE565 /* Cell */ = {
			isa = PBXGroup;
			children = (
				222E8EEC2BC5EC8900CAE565 /* ProductListCell.swift */,
			);
			path = Cell;
			sourceTree = "<group>";
		};
		222E8EF12BC8151800CAE565 /* Common */ = {
			isa = PBXGroup;
			children = (
				222E8EF22BC8152300CAE565 /* Views */,
			);
			path = Common;
			sourceTree = "<group>";
		};
		222E8EF22BC8152300CAE565 /* Views */ = {
			isa = PBXGroup;
			children = (
				222E8EF42BC8154900CAE565 /* ProductImageView.swift */,
				222E8F082BCC262400CAE565 /* CustomStepper.swift */,
				222E8F0D2BCD7EFC00CAE565 /* CustomCartButton.swift */,
				222E8F1D2BCF096300CAE565 /* CustomBasketButton.swift */,
			);
			path = Views;
			sourceTree = "<group>";
		};
		222E8EF62BC816D600CAE565 /* ProductDetail */ = {
			isa = PBXGroup;
			children = (
				222E8EF72BC816F000CAE565 /* ProductDetailViewController.swift */,
				222E8F0F2BCDC3A300CAE565 /* ProductDetailPresenter.swift */,
				222E8F112BCDC3B600CAE565 /* ProductDetailInteractor.swift */,
				222E8F132BCDC3CA00CAE565 /* ProductDetailRouter.swift */,
			);
			path = ProductDetail;
			sourceTree = "<group>";
		};
		222E8EF92BC97A5600CAE565 /* API */ = {
			isa = PBXGroup;
			children = (
				222E8EFA2BC97B1F00CAE565 /* NetworkManager.swift */,
			);
			path = API;
			sourceTree = "<group>";
		};
		222E8EFC2BC981A800CAE565 /* Model */ = {
			isa = PBXGroup;
			children = (
				222E8EFD2BC9BD7D00CAE565 /* Product.swift */,
			);
			path = Model;
			sourceTree = "<group>";
		};
		222E8F152BCEBC0E00CAE565 /* ProductBasket */ = {
			isa = PBXGroup;
			children = (
				222E8F182BCEBC5700CAE565 /* Cell */,
				222E8F162BCEBC4D00CAE565 /* ProductBasketViewController.swift */,
				222E8F232BD1C40900CAE565 /* ProductBasketPresenter.swift */,
				222E8F212BD1C3F000CAE565 /* ProductBasketInteractor.swift */,
				222E8F252BD1C42900CAE565 /* ProductBasketRouter.swift */,
				224CC9002BD66CEB0048013E /* Header.swift */,
			);
			path = ProductBasket;
			sourceTree = "<group>";
		};
		222E8F182BCEBC5700CAE565 /* Cell */ = {
			isa = PBXGroup;
			children = (
				222E8F1B2BCEC63700CAE565 /* ProductBasketCell.swift */,
			);
			path = Cell;
			sourceTree = "<group>";
		};
		222E8F272BD3DDE200CAE565 /* Core */ = {
			isa = PBXGroup;
			children = (
				222E8F1F2BD00B2900CAE565 /* BasketManager.swift */,
			);
			path = Core;
			sourceTree = "<group>";
		};
		222E8F282BD5002300CAE565 /* Fonts */ = {
			isa = PBXGroup;
			children = (
				222E8F292BD500AD00CAE565 /* OpenSans-Bold.ttf */,
				222E8F2A2BD500AD00CAE565 /* OpenSans-SemiBold.ttf */,
			);
			path = Fonts;
			sourceTree = "<group>";
		};
		222E8F2F2BD50DC400CAE565 /* Frameworks */ = {
			isa = PBXGroup;
			children = (
			);
			name = Frameworks;
			sourceTree = "<group>";
		};
		224CC8F62BD5C95A0048013E /* Extensions */ = {
			isa = PBXGroup;
			children = (
				224CC8F72BD5C9730048013E /* UIFont+.swift */,
				224CC8FE2BD66A2D0048013E /* UIImage+.swift */,
			);
			path = Extensions;
			sourceTree = "<group>";
		};
/* End PBXGroup section */

/* Begin PBXNativeTarget section */
		222E8EB22BC5C88E00CAE565 /* GetirShoppingApp */ = {
			isa = PBXNativeTarget;
			buildConfigurationList = 222E8EDD2BC5C89400CAE565 /* Build configuration list for PBXNativeTarget "GetirShoppingApp" */;
			buildPhases = (
				222E8EAF2BC5C88E00CAE565 /* Sources */,
				222E8EB02BC5C88E00CAE565 /* Frameworks */,
				222E8EB12BC5C88E00CAE565 /* Resources */,
				222E8F2E2BD50C6B00CAE565 /* ShellScript */,
			);
			buildRules = (
			);
			dependencies = (
			);
			name = GetirShoppingApp;
			packageProductDependencies = (
				222E8EEF2BC6BAED00CAE565 /* SnapKit */,
				222E8F0B2BCD36C600CAE565 /* Kingfisher */,
			);
			productName = GetirShoppingApp;
			productReference = 222E8EB32BC5C88E00CAE565 /* GetirShoppingApp.app */;
			productType = "com.apple.product-type.application";
		};
		222E8EC82BC5C89400CAE565 /* GetirShoppingAppTests */ = {
			isa = PBXNativeTarget;
			buildConfigurationList = 222E8EE02BC5C89400CAE565 /* Build configuration list for PBXNativeTarget "GetirShoppingAppTests" */;
			buildPhases = (
				222E8EC52BC5C89400CAE565 /* Sources */,
				222E8EC62BC5C89400CAE565 /* Frameworks */,
				222E8EC72BC5C89400CAE565 /* Resources */,
			);
			buildRules = (
			);
			dependencies = (
				222E8ECB2BC5C89400CAE565 /* PBXTargetDependency */,
			);
			name = GetirShoppingAppTests;
			productName = GetirShoppingAppTests;
			productReference = 222E8EC92BC5C89400CAE565 /* GetirShoppingAppTests.xctest */;
			productType = "com.apple.product-type.bundle.unit-test";
		};
		222E8ED22BC5C89400CAE565 /* GetirShoppingAppUITests */ = {
			isa = PBXNativeTarget;
			buildConfigurationList = 222E8EE32BC5C89400CAE565 /* Build configuration list for PBXNativeTarget "GetirShoppingAppUITests" */;
			buildPhases = (
				222E8ECF2BC5C89400CAE565 /* Sources */,
				222E8ED02BC5C89400CAE565 /* Frameworks */,
				222E8ED12BC5C89400CAE565 /* Resources */,
			);
			buildRules = (
			);
			dependencies = (
				222E8ED52BC5C89400CAE565 /* PBXTargetDependency */,
			);
			name = GetirShoppingAppUITests;
			productName = GetirShoppingAppUITests;
			productReference = 222E8ED32BC5C89400CAE565 /* GetirShoppingAppUITests.xctest */;
			productType = "com.apple.product-type.bundle.ui-testing";
		};
/* End PBXNativeTarget section */

/* Begin PBXProject section */
		222E8EAB2BC5C88E00CAE565 /* Project object */ = {
			isa = PBXProject;
			attributes = {
				BuildIndependentTargetsInParallel = 1;
				LastSwiftUpdateCheck = 1520;
				LastUpgradeCheck = 1520;
				TargetAttributes = {
					222E8EB22BC5C88E00CAE565 = {
						CreatedOnToolsVersion = 15.2;
					};
					222E8EC82BC5C89400CAE565 = {
						CreatedOnToolsVersion = 15.2;
						TestTargetID = 222E8EB22BC5C88E00CAE565;
					};
					222E8ED22BC5C89400CAE565 = {
						CreatedOnToolsVersion = 15.2;
						TestTargetID = 222E8EB22BC5C88E00CAE565;
					};
				};
			};
			buildConfigurationList = 222E8EAE2BC5C88E00CAE565 /* Build configuration list for PBXProject "GetirShoppingApp" */;
			compatibilityVersion = "Xcode 14.0";
			developmentRegion = en;
			hasScannedForEncodings = 0;
			knownRegions = (
				en,
				Base,
			);
			mainGroup = 222E8EAA2BC5C88E00CAE565;
			packageReferences = (
				222E8EEE2BC6BAED00CAE565 /* XCRemoteSwiftPackageReference "SnapKit" */,
				222E8F0A2BCD36C500CAE565 /* XCRemoteSwiftPackageReference "Kingfisher" */,
				222E8F2D2BD50C2E00CAE565 /* XCRemoteSwiftPackageReference "SwiftLint" */,
			);
			productRefGroup = 222E8EB42BC5C88E00CAE565 /* Products */;
			projectDirPath = "";
			projectRoot = "";
			targets = (
				222E8EB22BC5C88E00CAE565 /* GetirShoppingApp */,
				222E8EC82BC5C89400CAE565 /* GetirShoppingAppTests */,
				222E8ED22BC5C89400CAE565 /* GetirShoppingAppUITests */,
			);
		};
/* End PBXProject section */

/* Begin PBXResourcesBuildPhase section */
		222E8EB12BC5C88E00CAE565 /* Resources */ = {
			isa = PBXResourcesBuildPhase;
			buildActionMask = 2147483647;
			files = (
				222E8EC32BC5C89300CAE565 /* LaunchScreen.storyboard in Resources */,
				222E8EC02BC5C89300CAE565 /* Assets.xcassets in Resources */,
				222E8F2C2BD500AE00CAE565 /* OpenSans-SemiBold.ttf in Resources */,
				222E8F2B2BD500AE00CAE565 /* OpenSans-Bold.ttf in Resources */,
			);
			runOnlyForDeploymentPostprocessing = 0;
		};
		222E8EC72BC5C89400CAE565 /* Resources */ = {
			isa = PBXResourcesBuildPhase;
			buildActionMask = 2147483647;
			files = (
			);
			runOnlyForDeploymentPostprocessing = 0;
		};
		222E8ED12BC5C89400CAE565 /* Resources */ = {
			isa = PBXResourcesBuildPhase;
			buildActionMask = 2147483647;
			files = (
			);
			runOnlyForDeploymentPostprocessing = 0;
		};
/* End PBXResourcesBuildPhase section */

/* Begin PBXShellScriptBuildPhase section */
		222E8F2E2BD50C6B00CAE565 /* ShellScript */ = {
			isa = PBXShellScriptBuildPhase;
			buildActionMask = 2147483647;
			files = (
			);
			inputFileListPaths = (
			);
			inputPaths = (
			);
			outputFileListPaths = (
			);
			outputPaths = (
			);
			runOnlyForDeploymentPostprocessing = 0;
			shellPath = /bin/sh;
			shellScript = "if [[ \"$(uname -m)\" == arm64 ]]; then\n    export PATH=\"/opt/homebrew/bin:$PATH\"\nfi\n\nif which swiftlint > /dev/null; then\n  swiftlint --fix && swiftlint\nelse\n  echo \"warning: SwiftLint not installed, download from https://github.com/realm/SwiftLint\"\nfi\n";
		};
/* End PBXShellScriptBuildPhase section */

/* Begin PBXSourcesBuildPhase section */
		222E8EAF2BC5C88E00CAE565 /* Sources */ = {
			isa = PBXSourcesBuildPhase;
			buildActionMask = 2147483647;
			files = (
				222E8F142BCDC3CA00CAE565 /* ProductDetailRouter.swift in Sources */,
				222E8F262BD1C42900CAE565 /* ProductBasketRouter.swift in Sources */,
				222E8F0E2BCD7EFC00CAE565 /* CustomCartButton.swift in Sources */,
				222E8EFE2BC9BD7D00CAE565 /* Product.swift in Sources */,
				222E8EBB2BC5C88E00CAE565 /* ProductListingViewController.swift in Sources */,
				222E8EED2BC5EC8900CAE565 /* ProductListCell.swift in Sources */,
				222E8F1C2BCEC63700CAE565 /* ProductBasketCell.swift in Sources */,
				222E8F242BD1C40900CAE565 /* ProductBasketPresenter.swift in Sources */,
				222E8EF52BC8154900CAE565 /* ProductImageView.swift in Sources */,
				222E8F1E2BCF096300CAE565 /* CustomBasketButton.swift in Sources */,
				222E8F042BCB1A3900CAE565 /* ProductListingRouter.swift in Sources */,
				222E8F172BCEBC4D00CAE565 /* ProductBasketViewController.swift in Sources */,
				222E8F122BCDC3B600CAE565 /* ProductDetailInteractor.swift in Sources */,
				222E8F202BD00B2900CAE565 /* BasketManager.swift in Sources */,
				224CC9012BD66CEB0048013E /* Header.swift in Sources */,
				222E8F092BCC262500CAE565 /* CustomStepper.swift in Sources */,
				222E8F002BCB19F300CAE565 /* ProductListingInteractor.swift in Sources */,
				224CC8F82BD5C9740048013E /* UIFont+.swift in Sources */,
				224CC8FF2BD66A2D0048013E /* UIImage+.swift in Sources */,
				222E8EFB2BC97B1F00CAE565 /* NetworkManager.swift in Sources */,
				222E8F102BCDC3A300CAE565 /* ProductDetailPresenter.swift in Sources */,
				222E8EB72BC5C88E00CAE565 /* AppDelegate.swift in Sources */,
				222E8F022BCB1A0F00CAE565 /* ProductListingPresenter.swift in Sources */,
				222E8F222BD1C3F100CAE565 /* ProductBasketInteractor.swift in Sources */,
				222E8EB92BC5C88E00CAE565 /* SceneDelegate.swift in Sources */,
				222E8EF82BC816F000CAE565 /* ProductDetailViewController.swift in Sources */,
			);
			runOnlyForDeploymentPostprocessing = 0;
		};
		222E8EC52BC5C89400CAE565 /* Sources */ = {
			isa = PBXSourcesBuildPhase;
			buildActionMask = 2147483647;
			files = (
				222E8ECE2BC5C89400CAE565 /* GetirShoppingAppTests.swift in Sources */,
			);
			runOnlyForDeploymentPostprocessing = 0;
		};
		222E8ECF2BC5C89400CAE565 /* Sources */ = {
			isa = PBXSourcesBuildPhase;
			buildActionMask = 2147483647;
			files = (
				222E8EDA2BC5C89400CAE565 /* GetirShoppingAppUITestsLaunchTests.swift in Sources */,
				222E8ED82BC5C89400CAE565 /* GetirShoppingAppUITests.swift in Sources */,
			);
			runOnlyForDeploymentPostprocessing = 0;
		};
/* End PBXSourcesBuildPhase section */

/* Begin PBXTargetDependency section */
		222E8ECB2BC5C89400CAE565 /* PBXTargetDependency */ = {
			isa = PBXTargetDependency;
			target = 222E8EB22BC5C88E00CAE565 /* GetirShoppingApp */;
			targetProxy = 222E8ECA2BC5C89400CAE565 /* PBXContainerItemProxy */;
		};
		222E8ED52BC5C89400CAE565 /* PBXTargetDependency */ = {
			isa = PBXTargetDependency;
			target = 222E8EB22BC5C88E00CAE565 /* GetirShoppingApp */;
			targetProxy = 222E8ED42BC5C89400CAE565 /* PBXContainerItemProxy */;
		};
/* End PBXTargetDependency section */

/* Begin PBXVariantGroup section */
		222E8EC12BC5C89300CAE565 /* LaunchScreen.storyboard */ = {
			isa = PBXVariantGroup;
			children = (
				222E8EC22BC5C89300CAE565 /* Base */,
			);
			name = LaunchScreen.storyboard;
			sourceTree = "<group>";
		};
/* End PBXVariantGroup section */

/* Begin XCBuildConfiguration section */
		222E8EDB2BC5C89400CAE565 /* Debug */ = {
			isa = XCBuildConfiguration;
			buildSettings = {
				ALWAYS_SEARCH_USER_PATHS = NO;
				ASSETCATALOG_COMPILER_GENERATE_SWIFT_ASSET_SYMBOL_EXTENSIONS = YES;
				CLANG_ANALYZER_NONNULL = YES;
				CLANG_ANALYZER_NUMBER_OBJECT_CONVERSION = YES_AGGRESSIVE;
				CLANG_CXX_LANGUAGE_STANDARD = "gnu++20";
				CLANG_ENABLE_MODULES = YES;
				CLANG_ENABLE_OBJC_ARC = YES;
				CLANG_ENABLE_OBJC_WEAK = YES;
				CLANG_WARN_BLOCK_CAPTURE_AUTORELEASING = YES;
				CLANG_WARN_BOOL_CONVERSION = YES;
				CLANG_WARN_COMMA = YES;
				CLANG_WARN_CONSTANT_CONVERSION = YES;
				CLANG_WARN_DEPRECATED_OBJC_IMPLEMENTATIONS = YES;
				CLANG_WARN_DIRECT_OBJC_ISA_USAGE = YES_ERROR;
				CLANG_WARN_DOCUMENTATION_COMMENTS = YES;
				CLANG_WARN_EMPTY_BODY = YES;
				CLANG_WARN_ENUM_CONVERSION = YES;
				CLANG_WARN_INFINITE_RECURSION = YES;
				CLANG_WARN_INT_CONVERSION = YES;
				CLANG_WARN_NON_LITERAL_NULL_CONVERSION = YES;
				CLANG_WARN_OBJC_IMPLICIT_RETAIN_SELF = YES;
				CLANG_WARN_OBJC_LITERAL_CONVERSION = YES;
				CLANG_WARN_OBJC_ROOT_CLASS = YES_ERROR;
				CLANG_WARN_QUOTED_INCLUDE_IN_FRAMEWORK_HEADER = YES;
				CLANG_WARN_RANGE_LOOP_ANALYSIS = YES;
				CLANG_WARN_STRICT_PROTOTYPES = YES;
				CLANG_WARN_SUSPICIOUS_MOVE = YES;
				CLANG_WARN_UNGUARDED_AVAILABILITY = YES_AGGRESSIVE;
				CLANG_WARN_UNREACHABLE_CODE = YES;
				CLANG_WARN__DUPLICATE_METHOD_MATCH = YES;
				COPY_PHASE_STRIP = NO;
				DEBUG_INFORMATION_FORMAT = dwarf;
				ENABLE_STRICT_OBJC_MSGSEND = YES;
				ENABLE_TESTABILITY = YES;
				ENABLE_USER_SCRIPT_SANDBOXING = YES;
				GCC_C_LANGUAGE_STANDARD = gnu17;
				GCC_DYNAMIC_NO_PIC = NO;
				GCC_NO_COMMON_BLOCKS = YES;
				GCC_OPTIMIZATION_LEVEL = 0;
				GCC_PREPROCESSOR_DEFINITIONS = (
					"DEBUG=1",
					"$(inherited)",
				);
				GCC_WARN_64_TO_32_BIT_CONVERSION = YES;
				GCC_WARN_ABOUT_RETURN_TYPE = YES_ERROR;
				GCC_WARN_UNDECLARED_SELECTOR = YES;
				GCC_WARN_UNINITIALIZED_AUTOS = YES_AGGRESSIVE;
				GCC_WARN_UNUSED_FUNCTION = YES;
				GCC_WARN_UNUSED_VARIABLE = YES;
				IPHONEOS_DEPLOYMENT_TARGET = 17.2;
				LOCALIZATION_PREFERS_STRING_CATALOGS = YES;
				MTL_ENABLE_DEBUG_INFO = INCLUDE_SOURCE;
				MTL_FAST_MATH = YES;
				ONLY_ACTIVE_ARCH = YES;
				SDKROOT = iphoneos;
				SWIFT_ACTIVE_COMPILATION_CONDITIONS = "DEBUG $(inherited)";
				SWIFT_OPTIMIZATION_LEVEL = "-Onone";
			};
			name = Debug;
		};
		222E8EDC2BC5C89400CAE565 /* Release */ = {
			isa = XCBuildConfiguration;
			buildSettings = {
				ALWAYS_SEARCH_USER_PATHS = NO;
				ASSETCATALOG_COMPILER_GENERATE_SWIFT_ASSET_SYMBOL_EXTENSIONS = YES;
				CLANG_ANALYZER_NONNULL = YES;
				CLANG_ANALYZER_NUMBER_OBJECT_CONVERSION = YES_AGGRESSIVE;
				CLANG_CXX_LANGUAGE_STANDARD = "gnu++20";
				CLANG_ENABLE_MODULES = YES;
				CLANG_ENABLE_OBJC_ARC = YES;
				CLANG_ENABLE_OBJC_WEAK = YES;
				CLANG_WARN_BLOCK_CAPTURE_AUTORELEASING = YES;
				CLANG_WARN_BOOL_CONVERSION = YES;
				CLANG_WARN_COMMA = YES;
				CLANG_WARN_CONSTANT_CONVERSION = YES;
				CLANG_WARN_DEPRECATED_OBJC_IMPLEMENTATIONS = YES;
				CLANG_WARN_DIRECT_OBJC_ISA_USAGE = YES_ERROR;
				CLANG_WARN_DOCUMENTATION_COMMENTS = YES;
				CLANG_WARN_EMPTY_BODY = YES;
				CLANG_WARN_ENUM_CONVERSION = YES;
				CLANG_WARN_INFINITE_RECURSION = YES;
				CLANG_WARN_INT_CONVERSION = YES;
				CLANG_WARN_NON_LITERAL_NULL_CONVERSION = YES;
				CLANG_WARN_OBJC_IMPLICIT_RETAIN_SELF = YES;
				CLANG_WARN_OBJC_LITERAL_CONVERSION = YES;
				CLANG_WARN_OBJC_ROOT_CLASS = YES_ERROR;
				CLANG_WARN_QUOTED_INCLUDE_IN_FRAMEWORK_HEADER = YES;
				CLANG_WARN_RANGE_LOOP_ANALYSIS = YES;
				CLANG_WARN_STRICT_PROTOTYPES = YES;
				CLANG_WARN_SUSPICIOUS_MOVE = YES;
				CLANG_WARN_UNGUARDED_AVAILABILITY = YES_AGGRESSIVE;
				CLANG_WARN_UNREACHABLE_CODE = YES;
				CLANG_WARN__DUPLICATE_METHOD_MATCH = YES;
				COPY_PHASE_STRIP = NO;
				DEBUG_INFORMATION_FORMAT = "dwarf-with-dsym";
				ENABLE_NS_ASSERTIONS = NO;
				ENABLE_STRICT_OBJC_MSGSEND = YES;
				ENABLE_USER_SCRIPT_SANDBOXING = YES;
				GCC_C_LANGUAGE_STANDARD = gnu17;
				GCC_NO_COMMON_BLOCKS = YES;
				GCC_WARN_64_TO_32_BIT_CONVERSION = YES;
				GCC_WARN_ABOUT_RETURN_TYPE = YES_ERROR;
				GCC_WARN_UNDECLARED_SELECTOR = YES;
				GCC_WARN_UNINITIALIZED_AUTOS = YES_AGGRESSIVE;
				GCC_WARN_UNUSED_FUNCTION = YES;
				GCC_WARN_UNUSED_VARIABLE = YES;
				IPHONEOS_DEPLOYMENT_TARGET = 17.2;
				LOCALIZATION_PREFERS_STRING_CATALOGS = YES;
				MTL_ENABLE_DEBUG_INFO = NO;
				MTL_FAST_MATH = YES;
				SDKROOT = iphoneos;
				SWIFT_COMPILATION_MODE = wholemodule;
				VALIDATE_PRODUCT = YES;
			};
			name = Release;
		};
		222E8EDE2BC5C89400CAE565 /* Debug */ = {
			isa = XCBuildConfiguration;
			buildSettings = {
				ASSETCATALOG_COMPILER_APPICON_NAME = AppIcon;
				ASSETCATALOG_COMPILER_GLOBAL_ACCENT_COLOR_NAME = AccentColor;
				CODE_SIGN_STYLE = Automatic;
				CURRENT_PROJECT_VERSION = 1;
				DEVELOPMENT_TEAM = V7HUW8QLS9;
				ENABLE_USER_SCRIPT_SANDBOXING = NO;
				GENERATE_INFOPLIST_FILE = YES;
				INFOPLIST_FILE = GetirShoppingApp/Info.plist;
				INFOPLIST_KEY_UIApplicationSupportsIndirectInputEvents = YES;
				INFOPLIST_KEY_UILaunchStoryboardName = LaunchScreen;
				INFOPLIST_KEY_UISupportedInterfaceOrientations_iPad = "UIInterfaceOrientationPortrait UIInterfaceOrientationPortraitUpsideDown UIInterfaceOrientationLandscapeLeft UIInterfaceOrientationLandscapeRight";
				INFOPLIST_KEY_UISupportedInterfaceOrientations_iPhone = "UIInterfaceOrientationPortrait UIInterfaceOrientationLandscapeLeft UIInterfaceOrientationLandscapeRight";
				IPHONEOS_DEPLOYMENT_TARGET = 15.0;
				LD_RUNPATH_SEARCH_PATHS = (
					"$(inherited)",
					"@executable_path/Frameworks",
				);
				MARKETING_VERSION = 1.0;
				PRODUCT_BUNDLE_IDENTIFIER = asyaatpulat.info.GetirShoppingApp;
				PRODUCT_NAME = "$(TARGET_NAME)";
				SWIFT_EMIT_LOC_STRINGS = YES;
				SWIFT_VERSION = 5.0;
				TARGETED_DEVICE_FAMILY = "1,2";
			};
			name = Debug;
		};
		222E8EDF2BC5C89400CAE565 /* Release */ = {
			isa = XCBuildConfiguration;
			buildSettings = {
				ASSETCATALOG_COMPILER_APPICON_NAME = AppIcon;
				ASSETCATALOG_COMPILER_GLOBAL_ACCENT_COLOR_NAME = AccentColor;
				CODE_SIGN_STYLE = Automatic;
				CURRENT_PROJECT_VERSION = 1;
				DEVELOPMENT_TEAM = V7HUW8QLS9;
				ENABLE_USER_SCRIPT_SANDBOXING = NO;
				GENERATE_INFOPLIST_FILE = YES;
				INFOPLIST_FILE = GetirShoppingApp/Info.plist;
				INFOPLIST_KEY_UIApplicationSupportsIndirectInputEvents = YES;
				INFOPLIST_KEY_UILaunchStoryboardName = LaunchScreen;
				INFOPLIST_KEY_UISupportedInterfaceOrientations_iPad = "UIInterfaceOrientationPortrait UIInterfaceOrientationPortraitUpsideDown UIInterfaceOrientationLandscapeLeft UIInterfaceOrientationLandscapeRight";
				INFOPLIST_KEY_UISupportedInterfaceOrientations_iPhone = "UIInterfaceOrientationPortrait UIInterfaceOrientationLandscapeLeft UIInterfaceOrientationLandscapeRight";
				IPHONEOS_DEPLOYMENT_TARGET = 15.0;
				LD_RUNPATH_SEARCH_PATHS = (
					"$(inherited)",
					"@executable_path/Frameworks",
				);
				MARKETING_VERSION = 1.0;
				PRODUCT_BUNDLE_IDENTIFIER = asyaatpulat.info.GetirShoppingApp;
				PRODUCT_NAME = "$(TARGET_NAME)";
				SWIFT_EMIT_LOC_STRINGS = YES;
				SWIFT_VERSION = 5.0;
				TARGETED_DEVICE_FAMILY = "1,2";
			};
			name = Release;
		};
		222E8EE12BC5C89400CAE565 /* Debug */ = {
			isa = XCBuildConfiguration;
			buildSettings = {
				ALWAYS_EMBED_SWIFT_STANDARD_LIBRARIES = YES;
				BUNDLE_LOADER = "$(TEST_HOST)";
				CODE_SIGN_STYLE = Automatic;
				CURRENT_PROJECT_VERSION = 1;
				DEVELOPMENT_TEAM = V7HUW8QLS9;
				GENERATE_INFOPLIST_FILE = YES;
				IPHONEOS_DEPLOYMENT_TARGET = 17.2;
				MARKETING_VERSION = 1.0;
				PRODUCT_BUNDLE_IDENTIFIER = asyaatpulat.info.GetirShoppingAppTests;
				PRODUCT_NAME = "$(TARGET_NAME)";
				SWIFT_EMIT_LOC_STRINGS = NO;
				SWIFT_VERSION = 5.0;
				TARGETED_DEVICE_FAMILY = "1,2";
				TEST_HOST = "$(BUILT_PRODUCTS_DIR)/GetirShoppingApp.app/$(BUNDLE_EXECUTABLE_FOLDER_PATH)/GetirShoppingApp";
			};
			name = Debug;
		};
		222E8EE22BC5C89400CAE565 /* Release */ = {
			isa = XCBuildConfiguration;
			buildSettings = {
				ALWAYS_EMBED_SWIFT_STANDARD_LIBRARIES = YES;
				BUNDLE_LOADER = "$(TEST_HOST)";
				CODE_SIGN_STYLE = Automatic;
				CURRENT_PROJECT_VERSION = 1;
				DEVELOPMENT_TEAM = V7HUW8QLS9;
				GENERATE_INFOPLIST_FILE = YES;
				IPHONEOS_DEPLOYMENT_TARGET = 17.2;
				MARKETING_VERSION = 1.0;
				PRODUCT_BUNDLE_IDENTIFIER = asyaatpulat.info.GetirShoppingAppTests;
				PRODUCT_NAME = "$(TARGET_NAME)";
				SWIFT_EMIT_LOC_STRINGS = NO;
				SWIFT_VERSION = 5.0;
				TARGETED_DEVICE_FAMILY = "1,2";
				TEST_HOST = "$(BUILT_PRODUCTS_DIR)/GetirShoppingApp.app/$(BUNDLE_EXECUTABLE_FOLDER_PATH)/GetirShoppingApp";
			};
			name = Release;
		};
		222E8EE42BC5C89400CAE565 /* Debug */ = {
			isa = XCBuildConfiguration;
			buildSettings = {
				ALWAYS_EMBED_SWIFT_STANDARD_LIBRARIES = YES;
				CODE_SIGN_STYLE = Automatic;
				CURRENT_PROJECT_VERSION = 1;
				DEVELOPMENT_TEAM = V7HUW8QLS9;
				GENERATE_INFOPLIST_FILE = YES;
				MARKETING_VERSION = 1.0;
				PRODUCT_BUNDLE_IDENTIFIER = asyaatpulat.info.GetirShoppingAppUITests;
				PRODUCT_NAME = "$(TARGET_NAME)";
				SWIFT_EMIT_LOC_STRINGS = NO;
				SWIFT_VERSION = 5.0;
				TARGETED_DEVICE_FAMILY = "1,2";
				TEST_TARGET_NAME = GetirShoppingApp;
			};
			name = Debug;
		};
		222E8EE52BC5C89400CAE565 /* Release */ = {
			isa = XCBuildConfiguration;
			buildSettings = {
				ALWAYS_EMBED_SWIFT_STANDARD_LIBRARIES = YES;
				CODE_SIGN_STYLE = Automatic;
				CURRENT_PROJECT_VERSION = 1;
				DEVELOPMENT_TEAM = V7HUW8QLS9;
				GENERATE_INFOPLIST_FILE = YES;
				MARKETING_VERSION = 1.0;
				PRODUCT_BUNDLE_IDENTIFIER = asyaatpulat.info.GetirShoppingAppUITests;
				PRODUCT_NAME = "$(TARGET_NAME)";
				SWIFT_EMIT_LOC_STRINGS = NO;
				SWIFT_VERSION = 5.0;
				TARGETED_DEVICE_FAMILY = "1,2";
				TEST_TARGET_NAME = GetirShoppingApp;
			};
			name = Release;
		};
/* End XCBuildConfiguration section */

/* Begin XCConfigurationList section */
		222E8EAE2BC5C88E00CAE565 /* Build configuration list for PBXProject "GetirShoppingApp" */ = {
			isa = XCConfigurationList;
			buildConfigurations = (
				222E8EDB2BC5C89400CAE565 /* Debug */,
				222E8EDC2BC5C89400CAE565 /* Release */,
			);
			defaultConfigurationIsVisible = 0;
			defaultConfigurationName = Release;
		};
		222E8EDD2BC5C89400CAE565 /* Build configuration list for PBXNativeTarget "GetirShoppingApp" */ = {
			isa = XCConfigurationList;
			buildConfigurations = (
				222E8EDE2BC5C89400CAE565 /* Debug */,
				222E8EDF2BC5C89400CAE565 /* Release */,
			);
			defaultConfigurationIsVisible = 0;
			defaultConfigurationName = Release;
		};
		222E8EE02BC5C89400CAE565 /* Build configuration list for PBXNativeTarget "GetirShoppingAppTests" */ = {
			isa = XCConfigurationList;
			buildConfigurations = (
				222E8EE12BC5C89400CAE565 /* Debug */,
				222E8EE22BC5C89400CAE565 /* Release */,
			);
			defaultConfigurationIsVisible = 0;
			defaultConfigurationName = Release;
		};
		222E8EE32BC5C89400CAE565 /* Build configuration list for PBXNativeTarget "GetirShoppingAppUITests" */ = {
			isa = XCConfigurationList;
			buildConfigurations = (
				222E8EE42BC5C89400CAE565 /* Debug */,
				222E8EE52BC5C89400CAE565 /* Release */,
			);
			defaultConfigurationIsVisible = 0;
			defaultConfigurationName = Release;
		};
/* End XCConfigurationList section */

/* Begin XCRemoteSwiftPackageReference section */
		222E8EEE2BC6BAED00CAE565 /* XCRemoteSwiftPackageReference "SnapKit" */ = {
			isa = XCRemoteSwiftPackageReference;
			repositoryURL = "https://github.com/SnapKit/SnapKit.git";
			requirement = {
				kind = upToNextMajorVersion;
				minimumVersion = 5.7.1;
			};
		};
		222E8F0A2BCD36C500CAE565 /* XCRemoteSwiftPackageReference "Kingfisher" */ = {
			isa = XCRemoteSwiftPackageReference;
			repositoryURL = "https://github.com/onevcat/Kingfisher.git";
			requirement = {
				kind = upToNextMajorVersion;
				minimumVersion = 7.11.0;
			};
		};
		222E8F2D2BD50C2E00CAE565 /* XCRemoteSwiftPackageReference "SwiftLint" */ = {
			isa = XCRemoteSwiftPackageReference;
			repositoryURL = "https://github.com/realm/SwiftLint.git";
			requirement = {
				kind = upToNextMajorVersion;
				minimumVersion = 0.54.0;
			};
		};
/* End XCRemoteSwiftPackageReference section */

/* Begin XCSwiftPackageProductDependency section */
		222E8EEF2BC6BAED00CAE565 /* SnapKit */ = {
			isa = XCSwiftPackageProductDependency;
			package = 222E8EEE2BC6BAED00CAE565 /* XCRemoteSwiftPackageReference "SnapKit" */;
			productName = SnapKit;
		};
		222E8F0B2BCD36C600CAE565 /* Kingfisher */ = {
			isa = XCSwiftPackageProductDependency;
			package = 222E8F0A2BCD36C500CAE565 /* XCRemoteSwiftPackageReference "Kingfisher" */;
			productName = Kingfisher;
		};
/* End XCSwiftPackageProductDependency section */
	};
	rootObject = 222E8EAB2BC5C88E00CAE565 /* Project object */;
}
